
Microsoft Visual Studio Solution File, Format Version 12.00
# Visual Studio 15
VisualStudioVersion = 15.0.28307.1267
MinimumVisualStudioVersion = 10.0.40219.1
Project("{00D1A9C2-B5F0-4AF3-8072-F6C62B433612}") = "AdventureWorks2016", "AdventureWorks2016\AdventureWorks2016.sqlproj", "{5323ECC7-6F66-46BF-B9CB-0883C61184E2}"
EndProject
Global
	GlobalSection(SolutionConfigurationPlatforms) = preSolution
		Debug|Any CPU = Debug|Any CPU
		Release|Any CPU = Release|Any CPU
	EndGlobalSection
	GlobalSection(ProjectConfigurationPlatforms) = postSolution
		{5323ECC7-6F66-46BF-B9CB-0883C61184E2}.Debug|Any CPU.ActiveCfg = Debug|Any CPU
		{5323ECC7-6F66-46BF-B9CB-0883C61184E2}.Debug|Any CPU.Build.0 = Debug|Any CPU
		{5323ECC7-6F66-46BF-B9CB-0883C61184E2}.Debug|Any CPU.Deploy.0 = Debug|Any CPU
		{5323ECC7-6F66-46BF-B9CB-0883C61184E2}.Release|Any CPU.ActiveCfg = Release|Any CPU
		{5323ECC7-6F66-46BF-B9CB-0883C61184E2}.Release|Any CPU.Build.0 = Release|Any CPU
		{5323ECC7-6F66-46BF-B9CB-0883C61184E2}.Release|Any CPU.Deploy.0 = Release|Any CPU
	EndGlobalSection
	GlobalSection(SolutionProperties) = preSolution
		HideSolutionNode = FALSE
	EndGlobalSection
	GlobalSection(ExtensibilityGlobals) = postSolution
		SolutionGuid = {0519AF2D-FE5E-4EBC-8BBF-E8479FCCFA2B}
	EndGlobalSection
EndGlobal
