
Microsoft Visual Studio Solution File, Format Version 12.00
# Visual Studio Version 16
VisualStudioVersion = 16.0.29905.134
MinimumVisualStudioVersion = 10.0.40219.1
Project("{159641D6-6404-4A2A-AE62-294DE0FE8301}") = "JBETL", "JBETL.dtproj", "{641AFC66-EECA-4962-9A42-F5F864C6B1BF}"
EndProject
Project("{2150E333-8FDC-42A3-9474-1A3956D46DE8}") = "Solution Items", "Solution Items", "{9771919F-7ABF-4D56-9117-CB6E4D2C54BB}"
	ProjectSection(SolutionItems) = preProject
		..\..\..\..\Desktop\buildv5.xml = ..\..\..\..\Desktop\buildv5.xml
		bin\Development\JBETL.ispac = bin\Development\JBETL.ispac
	EndProjectSection
EndProject
Global
	GlobalSection(SolutionConfigurationPlatforms) = preSolution
		Development|Default = Development|Default
	EndGlobalSection
	GlobalSection(ProjectConfigurationPlatforms) = postSolution
		{641AFC66-EECA-4962-9A42-F5F864C6B1BF}.Development|Default.ActiveCfg = Development
		{641AFC66-EECA-4962-9A42-F5F864C6B1BF}.Development|Default.Build.0 = Development
	EndGlobalSection
	GlobalSection(SolutionProperties) = preSolution
		HideSolutionNode = FALSE
	EndGlobalSection
	GlobalSection(ExtensibilityGlobals) = postSolution
		SolutionGuid = {C6BEA339-AE1E-4B15-A96D-7B4B2F200F94}
	EndGlobalSection
	GlobalSection(TeamFoundationVersionControl) = preSolution
		SccNumberOfProjects = 2
		SccEnterpriseProvider = {4CA58AB2-18FA-4F8D-95D4-32DDF27D184C}
		SccTeamFoundationServer = http://server101:8080/tfs/defaultcollection
		SccLocalPath0 = .
		SccProjectUniqueName1 = JBETL.dtproj
		SccLocalPath1 = .
	EndGlobalSection
EndGlobal
